
Microsoft Visual Studio Solution File, Format Version 12.00
# Visual Studio Version 16
VisualStudioVersion = 16.0.31005.135
MinimumVisualStudioVersion = 10.0.40219.1
Project("{FAE04EC0-301F-11D3-BF4B-00C04F79EFBC}") = "FunWithQuadTrees.Logic", "src\FunWithQuadTrees.Logic\FunWithQuadTrees.Logic.csproj", "{8463A0CE-DAE5-4604-B778-80D544C13876}"
EndProject
Project("{FAE04EC0-301F-11D3-BF4B-00C04F79EFBC}") = "FunWithQuadTrees.Testing", "test\FunWithQuadTrees.Testing\FunWithQuadTrees.Testing.csproj", "{95AB534E-C0F4-44FF-BBEF-961C18076E18}"
EndProject
Global
	GlobalSection(SolutionConfigurationPlatforms) = preSolution
		Debug|Any CPU = Debug|Any CPU
		Release|Any CPU = Release|Any CPU
	EndGlobalSection
	GlobalSection(ProjectConfigurationPlatforms) = postSolution
		{8463A0CE-DAE5-4604-B778-80D544C13876}.Debug|Any CPU.ActiveCfg = Debug|Any CPU
		{8463A0CE-DAE5-4604-B778-80D544C13876}.Debug|Any CPU.Build.0 = Debug|Any CPU
		{8463A0CE-DAE5-4604-B778-80D544C13876}.Release|Any CPU.ActiveCfg = Release|Any CPU
		{8463A0CE-DAE5-4604-B778-80D544C13876}.Release|Any CPU.Build.0 = Release|Any CPU
		{95AB534E-C0F4-44FF-BBEF-961C18076E18}.Debug|Any CPU.ActiveCfg = Debug|Any CPU
		{95AB534E-C0F4-44FF-BBEF-961C18076E18}.Debug|Any CPU.Build.0 = Debug|Any CPU
		{95AB534E-C0F4-44FF-BBEF-961C18076E18}.Release|Any CPU.ActiveCfg = Release|Any CPU
		{95AB534E-C0F4-44FF-BBEF-961C18076E18}.Release|Any CPU.Build.0 = Release|Any CPU
	EndGlobalSection
	GlobalSection(SolutionProperties) = preSolution
		HideSolutionNode = FALSE
	EndGlobalSection
	GlobalSection(ExtensibilityGlobals) = postSolution
		SolutionGuid = {6286513A-B65F-4AEE-9A86-26BC0AF654F3}
	EndGlobalSection
EndGlobal
